<?xml version="1.0" encoding="utf-8"?>
<Project ToolsVersion="4.0" xmlns="http://schemas.microsoft.com/developer/msbuild/2003">
  <ItemGroup>
    <Filter Include="Source Files">
      <UniqueIdentifier>{4FC737F1-C7A5-4376-A066-2A32D752A2FF}</UniqueIdentifier>
      <Extensions>cpp;c;cc;cxx;c++;cppm;ixx;def;odl;idl;hpj;bat;asm;asmx</Extensions>
    </Filter>
    <Filter Include="Header Files">
      <UniqueIdentifier>{93995380-89BD-4b04-88EB-625FBE52EBFB}</UniqueIdentifier>
      <Extensions>h;hh;hpp;hxx;h++;hm;inl;inc;ipp;xsd</Extensions>
    </Filter>
    <Filter Include="Resource Files">
      <UniqueIdentifier>{67DA6AB6-F800-4c08-8B7A-83BB121AAD01}</UniqueIdentifier>
      <Extensions>rc;ico;cur;bmp;dlg;rc2;rct;bin;rgs;gif;jpg;jpeg;jpe;resx;tiff;tif;png;wav;mfcribbon-ms</Extensions>
    </Filter>
    <Filter Include="Other dependencies">
      <UniqueIdentifier>{f163d2c7-acb2-4e51-b8f3-187586c0c3f0}</UniqueIdentifier>
    </Filter>
    <Filter Include="Source Files\imgui">
      <UniqueIdentifier>{e5658678-c9bb-4897-bd68-22727b3eae44}</UniqueIdentifier>
    </Filter>
    <Filter Include="Header Files\imgui">
      <UniqueIdentifier>{16837075-bf40-412b-a1af-3cb4b0da2a89}</UniqueIdentifier>
    </Filter>
    <Filter Include="Source Files\Other files">
      <UniqueIdentifier>{07e3bd8c-ad41-4b72-987a-c88ba843d96c}</UniqueIdentifier>
    </Filter>
    <Filter Include="Shaders">
      <UniqueIdentifier>{41eb6084-856d-4bb5-b8c4-ce153d0e4683}</UniqueIdentifier>
    </Filter>
    <Filter Include="Shader Libraries">
      <UniqueIdentifier>{8ea1ebdd-012e-4024-95f7-7a348d8c3cbc}</UniqueIdentifier>
    </Filter>
    <Filter Include="Shaders\pathtracing">
      <UniqueIdentifier>{f6732b55-7f96-43cc-9528-681d97a7ea68}</UniqueIdentifier>
    </Filter>
  </ItemGroup>
  <ItemGroup>
    <ClCompile Include="ext\imgui\imgui.cpp">
      <Filter>Source Files\imgui</Filter>
    </ClCompile>
    <ClCompile Include="ext\imgui\imgui_demo.cpp">
      <Filter>Source Files\imgui</Filter>
    </ClCompile>
    <ClCompile Include="ext\imgui\imgui_draw.cpp">
      <Filter>Source Files\imgui</Filter>
    </ClCompile>
    <ClCompile Include="ext\imgui\imgui_impl_glfw.cpp">
      <Filter>Source Files\imgui</Filter>
    </ClCompile>
    <ClCompile Include="ext\imgui\imgui_impl_vulkan.cpp">
      <Filter>Source Files\imgui</Filter>
    </ClCompile>
    <ClCompile Include="ext\imgui\imgui_tables.cpp">
      <Filter>Source Files\imgui</Filter>
    </ClCompile>
    <ClCompile Include="ext\imgui\imgui_widgets.cpp">
      <Filter>Source Files\imgui</Filter>
    </ClCompile>
    <ClCompile Include="src\main-vulkan.cpp" />
  </ItemGroup>
  <ItemGroup>
    <None Include="shaders\engine.frag">
      <Filter>Shaders</Filter>
    </None>
    <None Include="shaders\engine.vert">
      <Filter>Shaders</Filter>
    </None>
    <None Include="shaders\shadow.frag">
      <Filter>Shaders</Filter>
    </None>
    <None Include="shaders\shadow.vert">
      <Filter>Shaders</Filter>
    </None>
    <None Include="shaders\sky.frag">
      <Filter>Shaders</Filter>
    </None>
    <None Include="shaders\sky.vert">
      <Filter>Shaders</Filter>
    </None>
    <None Include="shaders\composition.frag">
      <Filter>Shaders</Filter>
    </None>
    <None Include="shaders\composition.vert">
      <Filter>Shaders</Filter>
    </None>
    <None Include="shaders\compile.bat">
      <Filter>Source Files\Other files</Filter>
    </None>
    <None Include="shaders\includes\fragformulas.glsl">
      <Filter>Shader Libraries</Filter>
    </None>
    <None Include="shaders\includes\vertformulas.glsl">
      <Filter>Shader Libraries</Filter>
    </None>
    <None Include="shaders\wboit.frag">
      <Filter>Shaders</Filter>
    </None>
    <None Include="shaders\wboit.vert">
      <Filter>Shaders</Filter>
    </None>
    <None Include="..\.gitignore">
      <Filter>Source Files\Other files</Filter>
    </None>
    <None Include="..\README.md">
      <Filter>Source Files\Other files</Filter>
    </None>
    <None Include="shaders\pathtracing\closehit.rchit">
      <Filter>Shaders\pathtracing</Filter>
    </None>
    <None Include="shaders\pathtracing\gen.rgen">
      <Filter>Shaders\pathtracing</Filter>
    </None>
    <None Include="shaders\pathtracing\miss.rmiss">
      <Filter>Shaders\pathtracing</Filter>
    </None>
  </ItemGroup>
  <ItemGroup>
    <ClInclude Include="stb_image.h">
      <Filter>Other dependencies</Filter>
    </ClInclude>
    <ClInclude Include="ext\imgui\imconfig.h">
      <Filter>Header Files\imgui</Filter>
    </ClInclude>
    <ClInclude Include="ext\imgui\imgui.h">
      <Filter>Header Files\imgui</Filter>
    </ClInclude>
    <ClInclude Include="ext\imgui\imgui_impl_glfw.h">
      <Filter>Header Files\imgui</Filter>
    </ClInclude>
    <ClInclude Include="ext\imgui\imgui_impl_vulkan.h">
      <Filter>Header Files\imgui</Filter>
    </ClInclude>
    <ClInclude Include="ext\imgui\imgui_internal.h">
      <Filter>Header Files\imgui</Filter>
    </ClInclude>
    <ClInclude Include="src\headers\dml.hpp" />
    <ClInclude Include="src\headers\dvl.hpp" />
    <ClInclude Include="src\headers\utils.hpp" />
    <ClInclude Include="src\headers\vkhelper.hpp" />
  </ItemGroup>
</Project>